
Microsoft Visual Studio Solution File, Format Version 12.00
# Visual Studio Version 17
VisualStudioVersion = 17.8.34525.116
MinimumVisualStudioVersion = 10.0.40219.1
Project("{9A19103F-16F7-4668-BE54-9A1E7A4F7556}") = "house-manager", "house-manager\house-manager.csproj", "{6FBB9B71-DBA2-4266-B8BB-A6022CBEBC95}"
EndProject
Global
	GlobalSection(SolutionConfigurationPlatforms) = preSolution
		Debug|Any CPU = Debug|Any CPU
		Release|Any CPU = Release|Any CPU
	EndGlobalSection
	GlobalSection(ProjectConfigurationPlatforms) = postSolution
		{6FBB9B71-DBA2-4266-B8BB-A6022CBEBC95}.Debug|Any CPU.ActiveCfg = Debug|Any CPU
		{6FBB9B71-DBA2-4266-B8BB-A6022CBEBC95}.Debug|Any CPU.Build.0 = Debug|Any CPU
		{6FBB9B71-DBA2-4266-B8BB-A6022CBEBC95}.Release|Any CPU.ActiveCfg = Release|Any CPU
		{6FBB9B71-DBA2-4266-B8BB-A6022CBEBC95}.Release|Any CPU.Build.0 = Release|Any CPU
	EndGlobalSection
	GlobalSection(SolutionProperties) = preSolution
		HideSolutionNode = FALSE
	EndGlobalSection
	GlobalSection(ExtensibilityGlobals) = postSolution
		SolutionGuid = {093668EB-9F36-476A-9A08-6FA88D4B1914}
	EndGlobalSection
EndGlobal
